
Microsoft Visual Studio Solution File, Format Version 12.00
# Visual Studio Version 17
VisualStudioVersion = 17.7.34024.191
MinimumVisualStudioVersion = 10.0.40219.1
Project("{FAE04EC0-301F-11D3-BF4B-00C04F79EFBC}") = "Day4", "Day4\Day4.csproj", "{08786B32-FB15-467E-90F9-880B7ED693E7}"
EndProject
Global
	GlobalSection(SolutionConfigurationPlatforms) = preSolution
		Debug|Any CPU = Debug|Any CPU
		Release|Any CPU = Release|Any CPU
	EndGlobalSection
	GlobalSection(ProjectConfigurationPlatforms) = postSolution
		{08786B32-FB15-467E-90F9-880B7ED693E7}.Debug|Any CPU.ActiveCfg = Debug|Any CPU
		{08786B32-FB15-467E-90F9-880B7ED693E7}.Debug|Any CPU.Build.0 = Debug|Any CPU
		{08786B32-FB15-467E-90F9-880B7ED693E7}.Release|Any CPU.ActiveCfg = Release|Any CPU
		{08786B32-FB15-467E-90F9-880B7ED693E7}.Release|Any CPU.Build.0 = Release|Any CPU
	EndGlobalSection
	GlobalSection(SolutionProperties) = preSolution
		HideSolutionNode = FALSE
	EndGlobalSection
	GlobalSection(ExtensibilityGlobals) = postSolution
		SolutionGuid = {DB27100D-3B88-4AA9-8BC3-DC2A72911130}
	EndGlobalSection
EndGlobal
