
Microsoft Visual Studio Solution File, Format Version 12.00
# Visual Studio Version 17
VisualStudioVersion = 17.7.34024.191
MinimumVisualStudioVersion = 10.0.40219.1
Project("{FAE04EC0-301F-11D3-BF4B-00C04F79EFBC}") = "Day1_Assesment", "Day1_Assesment\Day1_Assesment.csproj", "{32AE3A9F-2C51-449C-B3A6-93A289167EE0}"
EndProject
Global
	GlobalSection(SolutionConfigurationPlatforms) = preSolution
		Debug|Any CPU = Debug|Any CPU
		Release|Any CPU = Release|Any CPU
	EndGlobalSection
	GlobalSection(ProjectConfigurationPlatforms) = postSolution
		{32AE3A9F-2C51-449C-B3A6-93A289167EE0}.Debug|Any CPU.ActiveCfg = Debug|Any CPU
		{32AE3A9F-2C51-449C-B3A6-93A289167EE0}.Debug|Any CPU.Build.0 = Debug|Any CPU
		{32AE3A9F-2C51-449C-B3A6-93A289167EE0}.Release|Any CPU.ActiveCfg = Release|Any CPU
		{32AE3A9F-2C51-449C-B3A6-93A289167EE0}.Release|Any CPU.Build.0 = Release|Any CPU
	EndGlobalSection
	GlobalSection(SolutionProperties) = preSolution
		HideSolutionNode = FALSE
	EndGlobalSection
	GlobalSection(ExtensibilityGlobals) = postSolution
		SolutionGuid = {381A31CE-9159-4FB0-880B-6A8CBB5BF389}
	EndGlobalSection
EndGlobal
